# THIS IS AN AUTOGENERATED FILE. DO NOT EDIT THIS FILE DIRECTLY.
# yarn lockfile v1


aoc-toolbox@^1.5.5:
  version "1.5.6"
  resolved "https://registry.yarnpkg.com/aoc-toolbox/-/aoc-toolbox-1.5.6.tgz#6a5b059c8b6647757149858f0c12872e34ec2c9b"
  integrity sha512-3QKHcRYst1vBjqAQ/1S2EOPRS21enbBVq0Dfbt/43ayjv+msn3Jzvc4HpkDv3MU/WhaDHrg6w9t6c8UzGctU4Q==
